version: 6
environments:
  default:
    channels:
    - url: https://conda.anaconda.org/conda-forge/
    indexes:
    - https://pypi.org/simple
    packages:
      osx-arm64:
      - conda: https://conda.anaconda.org/conda-forge/osx-arm64/bzip2-1.0.8-hd037594_8.conda
      - conda: https://conda.anaconda.org/conda-forge/noarch/ca-certificates-2026.1.4-hbd8a1cb_0.conda
      - conda: https://conda.anaconda.org/conda-forge/osx-arm64/cffi-2.0.0-py312h1b4d9a2_1.conda
      - conda: https://conda.anaconda.org/conda-forge/noarch/cfgv-3.5.0-pyhd8ed1ab_0.conda
      - conda: https://conda.anaconda.org/conda-forge/noarch/colorama-0.4.6-pyhd8ed1ab_1.conda
      - conda: https://conda.anaconda.org/conda-forge/noarch/distlib-0.4.0-pyhd8ed1ab_0.conda
      - conda: https://conda.anaconda.org/conda-forge/noarch/exceptiongroup-1.3.1-pyhd8ed1ab_0.conda
      - conda: https://conda.anaconda.org/conda-forge/noarch/execnet-2.1.2-pyhd8ed1ab_0.conda
      - conda: https://conda.anaconda.org/conda-forge/noarch/filelock-3.20.3-pyhd8ed1ab_0.conda
      - conda: https://conda.anaconda.org/conda-forge/noarch/identify-2.6.15-pyhd8ed1ab_0.conda
      - conda: https://conda.anaconda.org/conda-forge/noarch/iniconfig-2.3.0-pyhd8ed1ab_0.conda
      - conda: https://conda.anaconda.org/conda-forge/osx-arm64/libcxx-21.1.8-hf598326_0.conda
      - conda: https://conda.anaconda.org/conda-forge/osx-arm64/libexpat-2.7.3-haf25636_0.conda
      - conda: https://conda.anaconda.org/conda-forge/osx-arm64/libffi-3.5.2-he5f378a_0.conda
      - conda: https://conda.anaconda.org/conda-forge/osx-arm64/liblzma-5.8.1-h39f12f2_2.conda
      - conda: https://conda.anaconda.org/conda-forge/osx-arm64/libsqlite-3.51.1-h1b79a29_1.conda
      - conda: https://conda.anaconda.org/conda-forge/osx-arm64/libzlib-1.3.1-h8359307_2.conda
      - conda: https://conda.anaconda.org/conda-forge/noarch/loguru-0.7.3-pyh707e725_0.conda
      - conda: https://conda.anaconda.org/conda-forge/osx-arm64/ncurses-6.5-h5e97a16_3.conda
      - conda: https://conda.anaconda.org/conda-forge/noarch/nodeenv-1.10.0-pyhd8ed1ab_0.conda
      - conda: https://conda.anaconda.org/conda-forge/osx-arm64/openssl-3.6.0-h5503f6c_0.conda
      - conda: https://conda.anaconda.org/conda-forge/noarch/packaging-25.0-pyh29332c3_1.conda
      - conda: https://conda.anaconda.org/conda-forge/noarch/platformdirs-4.5.1-pyhcf101f3_0.conda
      - conda: https://conda.anaconda.org/conda-forge/noarch/pluggy-1.6.0-pyhf9edf01_1.conda
      - conda: https://conda.anaconda.org/conda-forge/noarch/pre-commit-4.5.1-pyha770c72_0.conda
      - conda: https://conda.anaconda.org/conda-forge/noarch/pycparser-2.22-pyh29332c3_1.conda
      - conda: https://conda.anaconda.org/conda-forge/noarch/pygments-2.19.2-pyhd8ed1ab_0.conda
      - conda: https://conda.anaconda.org/conda-forge/noarch/pytest-9.0.2-pyhcf101f3_0.conda
      - conda: https://conda.anaconda.org/conda-forge/noarch/pytest-qt-4.5.0-pyhdecd6ff_0.conda
      - conda: https://conda.anaconda.org/conda-forge/noarch/pytest-xdist-3.8.0-pyhd8ed1ab_0.conda
      - conda: https://conda.anaconda.org/conda-forge/osx-arm64/python-3.12.12-h18782d2_1_cpython.conda
      - conda: https://conda.anaconda.org/conda-forge/noarch/python_abi-3.12-8_cp312.conda
      - conda: https://conda.anaconda.org/conda-forge/osx-arm64/pyyaml-6.0.3-py312h5748b74_0.conda
      - conda: https://conda.anaconda.org/conda-forge/osx-arm64/readline-8.3-h46df422_0.conda
      - conda: https://conda.anaconda.org/conda-forge/osx-arm64/ruff-0.14.11-hb0cad00_0.conda
      - conda: https://conda.anaconda.org/conda-forge/noarch/setuptools-80.9.0-pyhff2d567_0.conda
      - conda: https://conda.anaconda.org/conda-forge/osx-arm64/tk-8.6.13-h892fb3f_3.conda
      - conda: https://conda.anaconda.org/conda-forge/noarch/tomli-2.3.0-pyhcf101f3_0.conda
      - conda: https://conda.anaconda.org/conda-forge/noarch/typing_extensions-4.15.0-pyhcf101f3_0.conda
      - conda: https://conda.anaconda.org/conda-forge/noarch/tzdata-2025c-hc9c84f9_1.conda
      - conda: https://conda.anaconda.org/conda-forge/osx-arm64/ukkonen-1.0.1-py312ha0dd364_6.conda
      - conda: https://conda.anaconda.org/conda-forge/noarch/virtualenv-20.36.1-pyhd8ed1ab_0.conda
      - conda: https://conda.anaconda.org/conda-forge/osx-arm64/yaml-0.2.5-h925e9cb_3.conda
      - pypi: https://files.pythonhosted.org/packages/b8/e0/1f9585d7dae8f14864e948fd7fa86c6cb72dee2676ca2748e63b1c5acfe0/numpy-2.4.1-cp312-cp312-macosx_11_0_arm64.whl
      - pypi: https://files.pythonhosted.org/packages/32/36/4c242f81fdcbfa4fb62a5645f6af79191f4097a0577bd5460c24f19cc4ef/pyqtgraph-0.14.0-py3-none-any.whl
      - pypi: ./
packages:
- conda: https://conda.anaconda.org/conda-forge/osx-arm64/bzip2-1.0.8-hd037594_8.conda
  sha256: b456200636bd5fecb2bec63f7e0985ad2097cf1b83d60ce0b6968dffa6d02aa1
  md5: 58fd217444c2a5701a44244faf518206
  depends:
  - __osx >=11.0
  license: bzip2-1.0.6
  license_family: BSD
  purls: []
  size: 125061
  timestamp: 1757437486465
- conda: https://conda.anaconda.org/conda-forge/noarch/ca-certificates-2026.1.4-hbd8a1cb_0.conda
  sha256: b5974ec9b50e3c514a382335efa81ed02b05906849827a34061c496f4defa0b2
  md5: bddacf101bb4dd0e51811cb69c7790e2
  depends:
  - __unix
  license: ISC
  purls: []
  size: 146519
  timestamp: 1767500828366
- conda: https://conda.anaconda.org/conda-forge/osx-arm64/cffi-2.0.0-py312h1b4d9a2_1.conda
  sha256: 597e986ac1a1bd1c9b29d6850e1cdea4a075ce8292af55568952ec670e7dd358
  md5: 503ac138ad3cfc09459738c0f5750705
  depends:
  - __osx >=11.0
  - libffi >=3.5.2,<3.6.0a0
  - pycparser
  - python >=3.12,<3.13.0a0
  - python >=3.12,<3.13.0a0 *_cpython
  - python_abi 3.12.* *_cp312
  license: MIT
  license_family: MIT
  purls:
  - pkg:pypi/cffi?source=hash-mapping
  size: 288080
  timestamp: 1761203317419
- conda: https://conda.anaconda.org/conda-forge/noarch/cfgv-3.5.0-pyhd8ed1ab_0.conda
  sha256: aa589352e61bb221351a79e5946d56916e3c595783994884accdb3b97fe9d449
  md5: 381bd45fb7aa032691f3063aff47e3a1
  depends:
  - python >=3.10
  license: MIT
  license_family: MIT
  purls:
  - pkg:pypi/cfgv?source=hash-mapping
  size: 13589
  timestamp: 1763607964133
- conda: https://conda.anaconda.org/conda-forge/noarch/colorama-0.4.6-pyhd8ed1ab_1.conda
  sha256: ab29d57dc70786c1269633ba3dff20288b81664d3ff8d21af995742e2bb03287
  md5: 962b9857ee8e7018c22f2776ffa0b2d7
  depends:
  - python >=3.9
  license: BSD-3-Clause
  license_family: BSD
  purls:
  - pkg:pypi/colorama?source=hash-mapping
  size: 27011
  timestamp: 1733218222191
- conda: https://conda.anaconda.org/conda-forge/noarch/distlib-0.4.0-pyhd8ed1ab_0.conda
  sha256: 6d977f0b2fc24fee21a9554389ab83070db341af6d6f09285360b2e09ef8b26e
  md5: 003b8ba0a94e2f1e117d0bd46aebc901
  depends:
  - python >=3.9
  license: Apache-2.0
  license_family: APACHE
  purls:
  - pkg:pypi/distlib?source=hash-mapping
  size: 275642
  timestamp: 1752823081585
- conda: https://conda.anaconda.org/conda-forge/noarch/exceptiongroup-1.3.1-pyhd8ed1ab_0.conda
  sha256: ee6cf346d017d954255bbcbdb424cddea4d14e4ed7e9813e429db1d795d01144
  md5: 8e662bd460bda79b1ea39194e3c4c9ab
  depends:
  - python >=3.10
  - typing_extensions >=4.6.0
  license: MIT and PSF-2.0
  purls:
  - pkg:pypi/exceptiongroup?source=compressed-mapping
  size: 21333
  timestamp: 1763918099466
- conda: https://conda.anaconda.org/conda-forge/noarch/execnet-2.1.2-pyhd8ed1ab_0.conda
  sha256: 1acc6a420efc5b64c384c1f35f49129966f8a12c93b4bb2bdc30079e5dc9d8a8
  md5: a57b4be42619213a94f31d2c69c5dda7
  depends:
  - python >=3.10
  license: MIT
  license_family: MIT
  purls:
  - pkg:pypi/execnet?source=hash-mapping
  size: 39499
  timestamp: 1762974150770
- conda: https://conda.anaconda.org/conda-forge/noarch/filelock-3.20.3-pyhd8ed1ab_0.conda
  sha256: 8b90dc21f00167a7e58abb5141a140bdb31a7c5734fe1361b5f98f4a4183fd32
  md5: 2cfaaccf085c133a477f0a7a8657afe9
  depends:
  - python >=3.10
  license: Unlicense
  purls:
  - pkg:pypi/filelock?source=hash-mapping
  size: 18661
  timestamp: 1768022315929
- conda: https://conda.anaconda.org/conda-forge/noarch/identify-2.6.15-pyhd8ed1ab_0.conda
  sha256: 32d5007d12e5731867908cbf5345f5cd44a6c8755a2e8e63e15a184826a51f82
  md5: 25f954b7dae6dd7b0dc004dab74f1ce9
  depends:
  - python >=3.10
  - ukkonen
  license: MIT
  license_family: MIT
  purls:
  - pkg:pypi/identify?source=hash-mapping
  size: 79151
  timestamp: 1759437561529
- conda: https://conda.anaconda.org/conda-forge/noarch/iniconfig-2.3.0-pyhd8ed1ab_0.conda
  sha256: e1a9e3b1c8fe62dc3932a616c284b5d8cbe3124bbfbedcf4ce5c828cb166ee19
  md5: 9614359868482abba1bd15ce465e3c42
  depends:
  - python >=3.10
  license: MIT
  license_family: MIT
  purls:
  - pkg:pypi/iniconfig?source=compressed-mapping
  size: 13387
  timestamp: 1760831448842
- conda: https://conda.anaconda.org/conda-forge/osx-arm64/libcxx-21.1.8-hf598326_0.conda
  sha256: 82e228975fd491bcf1071ecd0a6ec2a0fcc5f57eb0bd1d52cb13a18d57c67786
  md5: 780f0251b757564e062187044232c2b7
  depends:
  - __osx >=11.0
  license: Apache-2.0 WITH LLVM-exception
  license_family: Apache
  purls: []
  size: 569118
  timestamp: 1765919724254
- conda: https://conda.anaconda.org/conda-forge/osx-arm64/libexpat-2.7.3-haf25636_0.conda
  sha256: fce22610ecc95e6d149e42a42fbc3cc9d9179bd4eb6232639a60f06e080eec98
  md5: b79875dbb5b1db9a4a22a4520f918e1a
  depends:
  - __osx >=11.0
  constrains:
  - expat 2.7.3.*
  license: MIT
  license_family: MIT
  purls: []
  size: 67800
  timestamp: 1763549994166
- conda: https://conda.anaconda.org/conda-forge/osx-arm64/libffi-3.5.2-he5f378a_0.conda
  sha256: 9b8acdf42df61b7bfe8bdc545c016c29e61985e79748c64ad66df47dbc2e295f
  md5: 411ff7cd5d1472bba0f55c0faf04453b
  depends:
  - __osx >=11.0
  license: MIT
  license_family: MIT
  purls: []
  size: 40251
  timestamp: 1760295839166
- conda: https://conda.anaconda.org/conda-forge/osx-arm64/liblzma-5.8.1-h39f12f2_2.conda
  sha256: 0cb92a9e026e7bd4842f410a5c5c665c89b2eb97794ffddba519a626b8ce7285
  md5: d6df911d4564d77c4374b02552cb17d1
  depends:
  - __osx >=11.0
  constrains:
  - xz 5.8.1.*
  license: 0BSD
  purls: []
  size: 92286
  timestamp: 1749230283517
- conda: https://conda.anaconda.org/conda-forge/osx-arm64/libsqlite-3.51.1-h1b79a29_1.conda
  sha256: f2c3cbf2ca7d697098964a748fbf19d6e4adcefa23844ec49f0166f1d36af83c
  md5: 8c3951797658e10b610929c3e57e9ad9
  depends:
  - __osx >=11.0
  - libzlib >=1.3.1,<2.0a0
  license: blessing
  purls: []
  size: 905861
  timestamp: 1766319901587
- conda: https://conda.anaconda.org/conda-forge/osx-arm64/libzlib-1.3.1-h8359307_2.conda
  sha256: ce34669eadaba351cd54910743e6a2261b67009624dbc7daeeafdef93616711b
  md5: 369964e85dc26bfe78f41399b366c435
  depends:
  - __osx >=11.0
  constrains:
  - zlib 1.3.1 *_2
  license: Zlib
  license_family: Other
  purls: []
  size: 46438
  timestamp: 1727963202283
- conda: https://conda.anaconda.org/conda-forge/noarch/loguru-0.7.3-pyh707e725_0.conda
  sha256: e4a07f357a4cf195a2345dabd98deab80f4d53574abe712a9cc7f22d3f2cc2c3
  md5: 49647ac1de4d1e4b49124aedf3934e02
  depends:
  - __unix
  - python >=3.9
  license: MIT
  license_family: MIT
  purls:
  - pkg:pypi/loguru?source=hash-mapping
  size: 59696
  timestamp: 1746634858826
- conda: https://conda.anaconda.org/conda-forge/osx-arm64/ncurses-6.5-h5e97a16_3.conda
  sha256: 2827ada40e8d9ca69a153a45f7fd14f32b2ead7045d3bbb5d10964898fe65733
  md5: 068d497125e4bf8a66bf707254fff5ae
  depends:
  - __osx >=11.0
  license: X11 AND BSD-3-Clause
  purls: []
  size: 797030
  timestamp: 1738196177597
- conda: https://conda.anaconda.org/conda-forge/noarch/nodeenv-1.10.0-pyhd8ed1ab_0.conda
  sha256: 4fa40e3e13fc6ea0a93f67dfc76c96190afd7ea4ffc1bac2612d954b42cdc3ee
  md5: eb52d14a901e23c39e9e7b4a1a5c015f
  depends:
  - python >=3.10
  - setuptools
  license: BSD-3-Clause
  license_family: BSD
  purls:
  - pkg:pypi/nodeenv?source=hash-mapping
  size: 40866
  timestamp: 1766261270149
- pypi: https://files.pythonhosted.org/packages/b8/e0/1f9585d7dae8f14864e948fd7fa86c6cb72dee2676ca2748e63b1c5acfe0/numpy-2.4.1-cp312-cp312-macosx_11_0_arm64.whl
  name: numpy
  version: 2.4.1
  sha256: 7211b95ca365519d3596a1d8688a95874cc94219d417504d9ecb2df99fa7bfa8
  requires_python: '>=3.11'
- conda: https://conda.anaconda.org/conda-forge/osx-arm64/openssl-3.6.0-h5503f6c_0.conda
  sha256: ebe93dafcc09e099782fe3907485d4e1671296bc14f8c383cb6f3dfebb773988
  md5: b34dc4172653c13dcf453862f251af2b
  depends:
  - __osx >=11.0
  - ca-certificates
  license: Apache-2.0
  license_family: Apache
  purls: []
  size: 3108371
  timestamp: 1762839712322
- conda: https://conda.anaconda.org/conda-forge/noarch/packaging-25.0-pyh29332c3_1.conda
  sha256: 289861ed0c13a15d7bbb408796af4de72c2fe67e2bcb0de98f4c3fce259d7991
  md5: 58335b26c38bf4a20f399384c33cbcf9
  depends:
  - python >=3.8
  - python
  license: Apache-2.0
  license_family: APACHE
  purls:
  - pkg:pypi/packaging?source=hash-mapping
  size: 62477
  timestamp: 1745345660407
- conda: https://conda.anaconda.org/conda-forge/noarch/platformdirs-4.5.1-pyhcf101f3_0.conda
  sha256: 04c64fb78c520e5c396b6e07bc9082735a5cc28175dbe23138201d0a9441800b
  md5: 1bd2e65c8c7ef24f4639ae6e850dacc2
  depends:
  - python >=3.10
  - python
  license: MIT
  license_family: MIT
  purls:
  - pkg:pypi/platformdirs?source=hash-mapping
  size: 23922
  timestamp: 1764950726246
- conda: https://conda.anaconda.org/conda-forge/noarch/pluggy-1.6.0-pyhf9edf01_1.conda
  sha256: e14aafa63efa0528ca99ba568eaf506eb55a0371d12e6250aaaa61718d2eb62e
  md5: d7585b6550ad04c8c5e21097ada2888e
  depends:
  - python >=3.9
  - python
  license: MIT
  license_family: MIT
  purls:
  - pkg:pypi/pluggy?source=compressed-mapping
  size: 25877
  timestamp: 1764896838868
- conda: https://conda.anaconda.org/conda-forge/noarch/pre-commit-4.5.1-pyha770c72_0.conda
  sha256: 5b81b7516d4baf43d0c185896b245fa7384b25dc5615e7baa504b7fa4e07b706
  md5: 7f3ac694319c7eaf81a0325d6405e974
  depends:
  - cfgv >=2.0.0
  - identify >=1.0.0
  - nodeenv >=0.11.1
  - python >=3.10
  - pyyaml >=5.1
  - virtualenv >=20.10.0
  license: MIT
  license_family: MIT
  purls:
  - pkg:pypi/pre-commit?source=hash-mapping
  size: 200827
  timestamp: 1765937577534
- conda: https://conda.anaconda.org/conda-forge/noarch/pycparser-2.22-pyh29332c3_1.conda
  sha256: 79db7928d13fab2d892592223d7570f5061c192f27b9febd1a418427b719acc6
  md5: 12c566707c80111f9799308d9e265aef
  depends:
  - python >=3.9
  - python
  license: BSD-3-Clause
  license_family: BSD
  purls:
  - pkg:pypi/pycparser?source=hash-mapping
  size: 110100
  timestamp: 1733195786147
- conda: https://conda.anaconda.org/conda-forge/noarch/pygments-2.19.2-pyhd8ed1ab_0.conda
  sha256: 5577623b9f6685ece2697c6eb7511b4c9ac5fb607c9babc2646c811b428fd46a
  md5: 6b6ece66ebcae2d5f326c77ef2c5a066
  depends:
  - python >=3.9
  license: BSD-2-Clause
  license_family: BSD
  purls:
  - pkg:pypi/pygments?source=hash-mapping
  size: 889287
  timestamp: 1750615908735
- pypi: https://files.pythonhosted.org/packages/32/36/4c242f81fdcbfa4fb62a5645f6af79191f4097a0577bd5460c24f19cc4ef/pyqtgraph-0.14.0-py3-none-any.whl
  name: pyqtgraph
  version: 0.14.0
  sha256: 7abb7c3e17362add64f8711b474dffac5e7b0e9245abdf992e9a44119b7aa4f5
  requires_dist:
  - numpy>=1.25.0
  - colorama
  requires_python: '>=3.10'
- conda: https://conda.anaconda.org/conda-forge/noarch/pytest-9.0.2-pyhcf101f3_0.conda
  sha256: 9e749fb465a8bedf0184d8b8996992a38de351f7c64e967031944978de03a520
  md5: 2b694bad8a50dc2f712f5368de866480
  depends:
  - pygments >=2.7.2
  - python >=3.10
  - iniconfig >=1.0.1
  - packaging >=22
  - pluggy >=1.5,<2
  - tomli >=1
  - colorama >=0.4
  - exceptiongroup >=1
  - python
  constrains:
  - pytest-faulthandler >=2
  license: MIT
  license_family: MIT
  purls:
  - pkg:pypi/pytest?source=hash-mapping
  size: 299581
  timestamp: 1765062031645
- conda: https://conda.anaconda.org/conda-forge/noarch/pytest-qt-4.5.0-pyhdecd6ff_0.conda
  sha256: 631ce3a732122c2d35ab32d176d3cb9506328dd681a1b4d2b06cf79cff4e24f7
  md5: 3ba6ddddb54258f0932371e494693213
  depends:
  - pluggy >=1.1
  - pytest
  - python >=3.9
  - typing_extensions
  license: MIT
  license_family: MIT
  purls:
  - pkg:pypi/pytest-qt?source=hash-mapping
  size: 38968
  timestamp: 1751412452245
- conda: https://conda.anaconda.org/conda-forge/noarch/pytest-xdist-3.8.0-pyhd8ed1ab_0.conda
  sha256: b7b58a5be090883198411337b99afb6404127809c3d1c9f96e99b59f36177a96
  md5: 8375cfbda7c57fbceeda18229be10417
  depends:
  - execnet >=2.1
  - pytest >=7.0.0
  - python >=3.9
  constrains:
  - psutil >=3.0
  license: MIT
  license_family: MIT
  purls:
  - pkg:pypi/pytest-xdist?source=hash-mapping
  size: 39300
  timestamp: 1751452761594
- conda: https://conda.anaconda.org/conda-forge/osx-arm64/python-3.12.12-h18782d2_1_cpython.conda
  build_number: 1
  sha256: 626da9bb78459ce541407327d1e22ee673fd74e9103f1a0e0f4e3967ad0a23a7
  md5: 0322f2ddca2cafbf34ef3ddbea100f73
  depends:
  - __osx >=11.0
  - bzip2 >=1.0.8,<2.0a0
  - libexpat >=2.7.1,<3.0a0
  - libffi >=3.5.2,<3.6.0a0
  - liblzma >=5.8.1,<6.0a0
  - libsqlite >=3.50.4,<4.0a0
  - libzlib >=1.3.1,<2.0a0
  - ncurses >=6.5,<7.0a0
  - openssl >=3.5.4,<4.0a0
  - readline >=8.2,<9.0a0
  - tk >=8.6.13,<8.7.0a0
  - tzdata
  constrains:
  - python_abi 3.12.* *_cp312
  license: Python-2.0
  purls: []
  size: 12062421
  timestamp: 1761176476561
- conda: https://conda.anaconda.org/conda-forge/noarch/python_abi-3.12-8_cp312.conda
  build_number: 8
  sha256: 80677180dd3c22deb7426ca89d6203f1c7f1f256f2d5a94dc210f6e758229809
  md5: c3efd25ac4d74b1584d2f7a57195ddf1
  constrains:
  - python 3.12.* *_cpython
  license: BSD-3-Clause
  license_family: BSD
  purls: []
  size: 6958
  timestamp: 1752805918820
- conda: https://conda.anaconda.org/conda-forge/osx-arm64/pyyaml-6.0.3-py312h5748b74_0.conda
  sha256: 690943c979a5bf014348933a68cd39e3bb9114d94371c4c5d846d2daaa82c7d9
  md5: 6a2d7f8a026223c2fa1027c96c615752
  depends:
  - __osx >=11.0
  - python >=3.12,<3.13.0a0
  - python >=3.12,<3.13.0a0 *_cpython
  - python_abi 3.12.* *_cp312
  - yaml >=0.2.5,<0.3.0a0
  license: MIT
  license_family: MIT
  purls:
  - pkg:pypi/pyyaml?source=hash-mapping
  size: 190579
  timestamp: 1758891996097
- conda: https://conda.anaconda.org/conda-forge/osx-arm64/readline-8.3-h46df422_0.conda
  sha256: a77010528efb4b548ac2a4484eaf7e1c3907f2aec86123ed9c5212ae44502477
  md5: f8381319127120ce51e081dce4865cf4
  depends:
  - __osx >=11.0
  - ncurses >=6.5,<7.0a0
  license: GPL-3.0-only
  license_family: GPL
  purls: []
  size: 313930
  timestamp: 1765813902568
- conda: https://conda.anaconda.org/conda-forge/osx-arm64/ruff-0.14.11-hb0cad00_0.conda
  noarch: python
  sha256: b76ff21a7a466ed1f80a640d437ef0f6345240ce2150972584e4f97b0c7db955
  md5: aabef64b30defea8e9166b0b2248fa85
  depends:
  - python
  - __osx >=11.0
  constrains:
  - __osx >=11.0
  license: MIT
  purls:
  - pkg:pypi/ruff?source=compressed-mapping
  size: 10375602
  timestamp: 1767948656938
- conda: https://conda.anaconda.org/conda-forge/noarch/setuptools-80.9.0-pyhff2d567_0.conda
  sha256: 972560fcf9657058e3e1f97186cc94389144b46dbdf58c807ce62e83f977e863
  md5: 4de79c071274a53dcaf2a8c749d1499e
  depends:
  - python >=3.9
  license: MIT
  license_family: MIT
  purls:
  - pkg:pypi/setuptools?source=hash-mapping
  size: 748788
  timestamp: 1748804951958
- pypi: ./
  name: tesseract-qt-py
  version: 0.1.0
  sha256: 9afac87336b5adfd8df70dba662e6f3246811ea55da2a9941150c8a84d81293d
  requires_dist:
  - numpy>=1.21
  - pyqtgraph>=0.13
  - pytest>=7.0 ; extra == 'dev'
  - pytest-qt>=4.3.0 ; extra == 'dev'
  - ruff ; extra == 'dev'
  requires_python: '>=3.10'
  editable: true
- conda: https://conda.anaconda.org/conda-forge/osx-arm64/tk-8.6.13-h892fb3f_3.conda
  sha256: ad0c67cb03c163a109820dc9ecf77faf6ec7150e942d1e8bb13e5d39dc058ab7
  md5: a73d54a5abba6543cb2f0af1bfbd6851
  depends:
  - __osx >=11.0
  - libzlib >=1.3.1,<2.0a0
  license: TCL
  license_family: BSD
  purls: []
  size: 3125484
  timestamp: 1763055028377
- conda: https://conda.anaconda.org/conda-forge/noarch/tomli-2.3.0-pyhcf101f3_0.conda
  sha256: cb77c660b646c00a48ef942a9e1721ee46e90230c7c570cdeb5a893b5cce9bff
  md5: d2732eb636c264dc9aa4cbee404b1a53
  depends:
  - python >=3.10
  - python
  license: MIT
  license_family: MIT
  purls:
  - pkg:pypi/tomli?source=compressed-mapping
  size: 20973
  timestamp: 1760014679845
- conda: https://conda.anaconda.org/conda-forge/noarch/typing_extensions-4.15.0-pyhcf101f3_0.conda
  sha256: 032271135bca55aeb156cee361c81350c6f3fb203f57d024d7e5a1fc9ef18731
  md5: 0caa1af407ecff61170c9437a808404d
  depends:
  - python >=3.10
  - python
  license: PSF-2.0
  license_family: PSF
  purls:
  - pkg:pypi/typing-extensions?source=hash-mapping
  size: 51692
  timestamp: 1756220668932
- conda: https://conda.anaconda.org/conda-forge/noarch/tzdata-2025c-hc9c84f9_1.conda
  sha256: 1d30098909076af33a35017eed6f2953af1c769e273a0626a04722ac4acaba3c
  md5: ad659d0a2b3e47e38d829aa8cad2d610
  license: LicenseRef-Public-Domain
  purls: []
  size: 119135
  timestamp: 1767016325805
- conda: https://conda.anaconda.org/conda-forge/osx-arm64/ukkonen-1.0.1-py312ha0dd364_6.conda
  sha256: ba54fd3c178d30816fff864e5f6c7d05d4ec5f72a42ad15ec576a81fe28bea48
  md5: 678a837ca1469257c13895124d4055b8
  depends:
  - __osx >=11.0
  - cffi
  - libcxx >=19
  - python >=3.12,<3.13.0a0
  - python >=3.12,<3.13.0a0 *_cpython
  - python_abi 3.12.* *_cp312
  license: MIT
  license_family: MIT
  purls:
  - pkg:pypi/ukkonen?source=hash-mapping
  size: 14510
  timestamp: 1761595134634
- conda: https://conda.anaconda.org/conda-forge/noarch/virtualenv-20.36.1-pyhd8ed1ab_0.conda
  sha256: fa0a21fdcd0a8e6cf64cc8cd349ed6ceb373f09854fd3c4365f0bc4586dccf9a
  md5: 6b0259cea8ffa6b66b35bae0ca01c447
  depends:
  - distlib >=0.3.7,<1
  - filelock >=3.20.1,<4
  - platformdirs >=3.9.1,<5
  - python >=3.10
  - typing_extensions >=4.13.2
  license: MIT
  purls:
  - pkg:pypi/virtualenv?source=hash-mapping
  size: 4404318
  timestamp: 1768069793682
- conda: https://conda.anaconda.org/conda-forge/osx-arm64/yaml-0.2.5-h925e9cb_3.conda
  sha256: b03433b13d89f5567e828ea9f1a7d5c5d697bf374c28a4168d71e9464f5dafac
  md5: 78a0fe9e9c50d2c381e8ee47e3ea437d
  depends:
  - __osx >=11.0
  license: MIT
  license_family: MIT
  purls: []
  size: 83386
  timestamp: 1753484079473
